// !$*UTF8*$!
{
	archiveVersion = 1;
	classes = {
	};
	objectVersion = 46;
	objects = {

/* Begin PBXBuildFile section */
		D11D3B4345D38D2D56778033 /* libPods-RotateDisplay.a in Frameworks */ = {isa = PBXBuildFile; fileRef = 89ACFD36C383E813320C6E8B /* libPods-RotateDisplay.a */; };
		F442205B1C0F341500776465 /* AppDelegate.m in Sources */ = {isa = PBXBuildFile; fileRef = F442205A1C0F341500776465 /* AppDelegate.m */; };
		F442205E1C0F341500776465 /* main.m in Sources */ = {isa = PBXBuildFile; fileRef = F442205D1C0F341500776465 /* main.m */; };
		F44220601C0F341500776465 /* Assets.xcassets in Resources */ = {isa = PBXBuildFile; fileRef = F442205F1C0F341500776465 /* Assets.xcassets */; };
		F44220631C0F341600776465 /* MainMenu.xib in Resources */ = {isa = PBXBuildFile; fileRef = F44220611C0F341600776465 /* MainMenu.xib */; };
/* End PBXBuildFile section */

/* Begin PBXFileReference section */
		18D1F57DA22E68E18FEE7349 /* Pods-RotateDisplay.release.xcconfig */ = {isa = PBXFileReference; includeInIndex = 1; lastKnownFileType = text.xcconfig; name = "Pods-RotateDisplay.release.xcconfig"; path = "Pods/Target Support Files/Pods-RotateDisplay/Pods-RotateDisplay.release.xcconfig"; sourceTree = "<group>"; };
		2100F67C80543B11EEE0C121 /* Pods-RotateDisplay.debug.xcconfig */ = {isa = PBXFileReference; includeInIndex = 1; lastKnownFileType = text.xcconfig; name = "Pods-RotateDisplay.debug.xcconfig"; path = "Pods/Target Support Files/Pods-RotateDisplay/Pods-RotateDisplay.debug.xcconfig"; sourceTree = "<group>"; };
		89ACFD36C383E813320C6E8B /* libPods-RotateDisplay.a */ = {isa = PBXFileReference; explicitFileType = archive.ar; includeInIndex = 0; path = "libPods-RotateDisplay.a"; sourceTree = BUILT_PRODUCTS_DIR; };
		F44220561C0F341500776465 /* RotateDisplay.app */ = {isa = PBXFileReference; explicitFileType = wrapper.application; includeInIndex = 0; path = RotateDisplay.app; sourceTree = BUILT_PRODUCTS_DIR; };
		F44220591C0F341500776465 /* AppDelegate.h */ = {isa = PBXFileReference; lastKnownFileType = sourcecode.c.h; path = AppDelegate.h; sourceTree = "<group>"; };
		F442205A1C0F341500776465 /* AppDelegate.m */ = {isa = PBXFileReference; lastKnownFileType = sourcecode.c.objc; path = AppDelegate.m; sourceTree = "<group>"; };
		F442205D1C0F341500776465 /* main.m */ = {isa = PBXFileReference; lastKnownFileType = sourcecode.c.objc; path = main.m; sourceTree = "<group>"; };
		F442205F1C0F341500776465 /* Assets.xcassets */ = {isa = PBXFileReference; lastKnownFileType = folder.assetcatalog; path = Assets.xcassets; sourceTree = "<group>"; };
		F44220621C0F341600776465 /* Base */ = {isa = PBXFileReference; lastKnownFileType = file.xib; name = Base; path = Base.lproj/MainMenu.xib; sourceTree = "<group>"; };
		F44220641C0F341600776465 /* Info.plist */ = {isa = PBXFileReference; lastKnownFileType = text.plist.xml; path = Info.plist; sourceTree = "<group>"; };
/* End PBXFileReference section */

/* Begin PBXFrameworksBuildPhase section */
		F44220531C0F341500776465 /* Frameworks */ = {
			isa = PBXFrameworksBuildPhase;
			buildActionMask = 2147483647;
			files = (
				D11D3B4345D38D2D56778033 /* libPods-RotateDisplay.a in Frameworks */,
			);
			runOnlyForDeploymentPostprocessing = 0;
		};
/* End PBXFrameworksBuildPhase section */

/* Begin PBXGroup section */
		0BD28EEB449918118E800FFB /* Frameworks */ = {
			isa = PBXGroup;
			children = (
				89ACFD36C383E813320C6E8B /* libPods-RotateDisplay.a */,
			);
			name = Frameworks;
			sourceTree = "<group>";
		};
		DB804696D32A0EDF57681E59 /* Pods */ = {
			isa = PBXGroup;
			children = (
				2100F67C80543B11EEE0C121 /* Pods-RotateDisplay.debug.xcconfig */,
				18D1F57DA22E68E18FEE7349 /* Pods-RotateDisplay.release.xcconfig */,
			);
			name = Pods;
			sourceTree = "<group>";
		};
		F442204D1C0F341500776465 = {
			isa = PBXGroup;
			children = (
				F44220581C0F341500776465 /* RotateDisplay */,
				F44220571C0F341500776465 /* Products */,
				DB804696D32A0EDF57681E59 /* Pods */,
				0BD28EEB449918118E800FFB /* Frameworks */,
			);
			sourceTree = "<group>";
		};
		F44220571C0F341500776465 /* Products */ = {
			isa = PBXGroup;
			children = (
				F44220561C0F341500776465 /* RotateDisplay.app */,
			);
			name = Products;
			sourceTree = "<group>";
		};
		F44220581C0F341500776465 /* RotateDisplay */ = {
			isa = PBXGroup;
			children = (
				F44220591C0F341500776465 /* AppDelegate.h */,
				F442205A1C0F341500776465 /* AppDelegate.m */,
				F442205F1C0F341500776465 /* Assets.xcassets */,
				F44220611C0F341600776465 /* MainMenu.xib */,
				F44220641C0F341600776465 /* Info.plist */,
				F442205C1C0F341500776465 /* Supporting Files */,
			);
			path = RotateDisplay;
			sourceTree = "<group>";
		};
		F442205C1C0F341500776465 /* Supporting Files */ = {
			isa = PBXGroup;
			children = (
				F442205D1C0F341500776465 /* main.m */,
			);
			name = "Supporting Files";
			sourceTree = "<group>";
		};
/* End PBXGroup section */

/* Begin PBXNativeTarget section */
		F44220551C0F341500776465 /* RotateDisplay */ = {
			isa = PBXNativeTarget;
			buildConfigurationList = F44220671C0F341600776465 /* Build configuration list for PBXNativeTarget "RotateDisplay" */;
			buildPhases = (
				CBE0A430FF7C2749A0C45EF4 /* Check Pods Manifest.lock */,
				F44220521C0F341500776465 /* Sources */,
				F44220531C0F341500776465 /* Frameworks */,
				F44220541C0F341500776465 /* Resources */,
				A4398B56B303A6C8441336C2 /* Embed Pods Frameworks */,
				247CDF15ADE30A66C856B30E /* Copy Pods Resources */,
			);
			buildRules = (
			);
			dependencies = (
			);
			name = RotateDisplay;
			productName = RotateDisplay;
			productReference = F44220561C0F341500776465 /* RotateDisplay.app */;
			productType = "com.apple.product-type.application";
		};
/* End PBXNativeTarget section */

/* Begin PBXProject section */
		F442204E1C0F341500776465 /* Project object */ = {
			isa = PBXProject;
			attributes = {
				LastUpgradeCheck = 0710;
				ORGANIZATIONNAME = yaqinking;
				TargetAttributes = {
					F44220551C0F341500776465 = {
						CreatedOnToolsVersion = 7.1.1;
						DevelopmentTeam = 2RX98WKS48;
					};
				};
			};
			buildConfigurationList = F44220511C0F341500776465 /* Build configuration list for PBXProject "RotateDisplay" */;
			compatibilityVersion = "Xcode 3.2";
			developmentRegion = English;
			hasScannedForEncodings = 0;
			knownRegions = (
				en,
				Base,
			);
			mainGroup = F442204D1C0F341500776465;
			productRefGroup = F44220571C0F341500776465 /* Products */;
			projectDirPath = "";
			projectRoot = "";
			targets = (
				F44220551C0F341500776465 /* RotateDisplay */,
			);
		};
/* End PBXProject section */

/* Begin PBXResourcesBuildPhase section */
		F44220541C0F341500776465 /* Resources */ = {
			isa = PBXResourcesBuildPhase;
			buildActionMask = 2147483647;
			files = (
				F44220601C0F341500776465 /* Assets.xcassets in Resources */,
				F44220631C0F341600776465 /* MainMenu.xib in Resources */,
			);
			runOnlyForDeploymentPostprocessing = 0;
		};
/* End PBXResourcesBuildPhase section */

/* Begin PBXShellScriptBuildPhase section */
		247CDF15ADE30A66C856B30E /* Copy Pods Resources */ = {
			isa = PBXShellScriptBuildPhase;
			buildActionMask = 2147483647;
			files = (
			);
			inputPaths = (
			);
			name = "Copy Pods Resources";
			outputPaths = (
			);
			runOnlyForDeploymentPostprocessing = 0;
			shellPath = /bin/sh;
			shellScript = "\"${SRCROOT}/Pods/Target Support Files/Pods-RotateDisplay/Pods-RotateDisplay-resources.sh\"\n";
			showEnvVarsInLog = 0;
		};
		A4398B56B303A6C8441336C2 /* Embed Pods Frameworks */ = {
			isa = PBXShellScriptBuildPhase;
			buildActionMask = 2147483647;
			files = (
			);
			inputPaths = (
			);
			name = "Embed Pods Frameworks";
			outputPaths = (
			);
			runOnlyForDeploymentPostprocessing = 0;
			shellPath = /bin/sh;
			shellScript = "\"${SRCROOT}/Pods/Target Support Files/Pods-RotateDisplay/Pods-RotateDisplay-frameworks.sh\"\n";
			showEnvVarsInLog = 0;
		};
		CBE0A430FF7C2749A0C45EF4 /* Check Pods Manifest.lock */ = {
			isa = PBXShellScriptBuildPhase;
			buildActionMask = 2147483647;
			files = (
			);
			inputPaths = (
			);
			name = "Check Pods Manifest.lock";
			outputPaths = (
			);
			runOnlyForDeploymentPostprocessing = 0;
			shellPath = /bin/sh;
			shellScript = "diff \"${PODS_ROOT}/../Podfile.lock\" \"${PODS_ROOT}/Manifest.lock\" > /dev/null\nif [[ $? != 0 ]] ; then\n    cat << EOM\nerror: The sandbox is not in sync with the Podfile.lock. Run 'pod install' or update your CocoaPods installation.\nEOM\n    exit 1\nfi\n";
			showEnvVarsInLog = 0;
		};
/* End PBXShellScriptBuildPhase section */

/* Begin PBXSourcesBuildPhase section */
		F44220521C0F341500776465 /* Sources */ = {
			isa = PBXSourcesBuildPhase;
			buildActionMask = 2147483647;
			files = (
				F442205E1C0F341500776465 /* main.m in Sources */,
				F442205B1C0F341500776465 /* AppDelegate.m in Sources */,
			);
			runOnlyForDeploymentPostprocessing = 0;
		};
/* End PBXSourcesBuildPhase section */

/* Begin PBXVariantGroup section */
		F44220611C0F341600776465 /* MainMenu.xib */ = {
			isa = PBXVariantGroup;
			children = (
				F44220621C0F341600776465 /* Base */,
			);
			name = MainMenu.xib;
			sourceTree = "<group>";
		};
/* End PBXVariantGroup section */

/* Begin XCBuildConfiguration section */
		F44220651C0F341600776465 /* Debug */ = {
			isa = XCBuildConfiguration;
			buildSettings = {
				ALWAYS_SEARCH_USER_PATHS = NO;
				CLANG_CXX_LANGUAGE_STANDARD = "gnu++0x";
				CLANG_CXX_LIBRARY = "libc++";
				CLANG_ENABLE_MODULES = YES;
				CLANG_ENABLE_OBJC_ARC = YES;
				CLANG_WARN_BOOL_CONVERSION = YES;
				CLANG_WARN_CONSTANT_CONVERSION = YES;
				CLANG_WARN_DIRECT_OBJC_ISA_USAGE = YES_ERROR;
				CLANG_WARN_EMPTY_BODY = YES;
				CLANG_WARN_ENUM_CONVERSION = YES;
				CLANG_WARN_INT_CONVERSION = YES;
				CLANG_WARN_OBJC_ROOT_CLASS = YES_ERROR;
				CLANG_WARN_UNREACHABLE_CODE = YES;
				CLANG_WARN__DUPLICATE_METHOD_MATCH = YES;
				CODE_SIGN_IDENTITY = "-";
				COPY_PHASE_STRIP = NO;
				DEBUG_INFORMATION_FORMAT = dwarf;
				ENABLE_STRICT_OBJC_MSGSEND = YES;
				ENABLE_TESTABILITY = YES;
				GCC_C_LANGUAGE_STANDARD = gnu99;
				GCC_DYNAMIC_NO_PIC = NO;
				GCC_NO_COMMON_BLOCKS = YES;
				GCC_OPTIMIZATION_LEVEL = 0;
				GCC_PREPROCESSOR_DEFINITIONS = (
					"DEBUG=1",
					"$(inherited)",
				);
				GCC_WARN_64_TO_32_BIT_CONVERSION = YES;
				GCC_WARN_ABOUT_RETURN_TYPE = YES_ERROR;
				GCC_WARN_UNDECLARED_SELECTOR = YES;
				GCC_WARN_UNINITIALIZED_AUTOS = YES_AGGRESSIVE;
				GCC_WARN_UNUSED_FUNCTION = YES;
				GCC_WARN_UNUSED_VARIABLE = YES;
				MACOSX_DEPLOYMENT_TARGET = 10.8;
				MTL_ENABLE_DEBUG_INFO = YES;
				ONLY_ACTIVE_ARCH = YES;
				SDKROOT = macosx;
			};
			name = Debug;
		};
		F44220661C0F341600776465 /* Release */ = {
			isa = XCBuildConfiguration;
			buildSettings = {
				ALWAYS_SEARCH_USER_PATHS = NO;
				CLANG_CXX_LANGUAGE_STANDARD = "gnu++0x";
				CLANG_CXX_LIBRARY = "libc++";
				CLANG_ENABLE_MODULES = YES;
				CLANG_ENABLE_OBJC_ARC = YES;
				CLANG_WARN_BOOL_CONVERSION = YES;
				CLANG_WARN_CONSTANT_CONVERSION = YES;
				CLANG_WARN_DIRECT_OBJC_ISA_USAGE = YES_ERROR;
				CLANG_WARN_EMPTY_BODY = YES;
				CLANG_WARN_ENUM_CONVERSION = YES;
				CLANG_WARN_INT_CONVERSION = YES;
				CLANG_WARN_OBJC_ROOT_CLASS = YES_ERROR;
				CLANG_WARN_UNREACHABLE_CODE = YES;
				CLANG_WARN__DUPLICATE_METHOD_MATCH = YES;
				CODE_SIGN_IDENTITY = "-";
				COPY_PHASE_STRIP = NO;
				DEBUG_INFORMATION_FORMAT = "dwarf-with-dsym";
				ENABLE_NS_ASSERTIONS = NO;
				ENABLE_STRICT_OBJC_MSGSEND = YES;
				GCC_C_LANGUAGE_STANDARD = gnu99;
				GCC_NO_COMMON_BLOCKS = YES;
				GCC_WARN_64_TO_32_BIT_CONVERSION = YES;
				GCC_WARN_ABOUT_RETURN_TYPE = YES_ERROR;
				GCC_WARN_UNDECLARED_SELECTOR = YES;
				GCC_WARN_UNINITIALIZED_AUTOS = YES_AGGRESSIVE;
				GCC_WARN_UNUSED_FUNCTION = YES;
				GCC_WARN_UNUSED_VARIABLE = YES;
				MACOSX_DEPLOYMENT_TARGET = 10.8;
				MTL_ENABLE_DEBUG_INFO = NO;
				SDKROOT = macosx;
			};
			name = Release;
		};
		F44220681C0F341600776465 /* Debug */ = {
			isa = XCBuildConfiguration;
			baseConfigurationReference = 2100F67C80543B11EEE0C121 /* Pods-RotateDisplay.debug.xcconfig */;
			buildSettings = {
				ASSETCATALOG_COMPILER_APPICON_NAME = AppIcon;
				CODE_SIGN_IDENTITY = "Developer ID Application";
				COMBINE_HIDPI_IMAGES = YES;
				INFOPLIST_FILE = RotateDisplay/Info.plist;
				LD_RUNPATH_SEARCH_PATHS = "$(inherited) @executable_path/../Frameworks";
				PRODUCT_BUNDLE_IDENTIFIER = moe.yaqinking.RotateDisplay;
				PRODUCT_NAME = "$(TARGET_NAME)";
			};
			name = Debug;
		};
		F44220691C0F341600776465 /* Release */ = {
			isa = XCBuildConfiguration;
			baseConfigurationReference = 18D1F57DA22E68E18FEE7349 /* Pods-RotateDisplay.release.xcconfig */;
			buildSettings = {
				ASSETCATALOG_COMPILER_APPICON_NAME = AppIcon;
				CODE_SIGN_IDENTITY = "Developer ID Application";
				COMBINE_HIDPI_IMAGES = YES;
				INFOPLIST_FILE = RotateDisplay/Info.plist;
				LD_RUNPATH_SEARCH_PATHS = "$(inherited) @executable_path/../Frameworks";
				PRODUCT_BUNDLE_IDENTIFIER = moe.yaqinking.RotateDisplay;
				PRODUCT_NAME = "$(TARGET_NAME)";
			};
			name = Release;
		};
/* End XCBuildConfiguration section */

/* Begin XCConfigurationList section */
		F44220511C0F341500776465 /* Build configuration list for PBXProject "RotateDisplay" */ = {
			isa = XCConfigurationList;
			buildConfigurations = (
				F44220651C0F341600776465 /* Debug */,
				F44220661C0F341600776465 /* Release */,
			);
			defaultConfigurationIsVisible = 0;
			defaultConfigurationName = Release;
		};
		F44220671C0F341600776465 /* Build configuration list for PBXNativeTarget "RotateDisplay" */ = {
			isa = XCConfigurationList;
			buildConfigurations = (
				F44220681C0F341600776465 /* Debug */,
				F44220691C0F341600776465 /* Release */,
			);
			defaultConfigurationIsVisible = 0;
			defaultConfigurationName = Release;
		};
/* End XCConfigurationList section */
	};
	rootObject = F442204E1C0F341500776465 /* Project object */;
}
